
Microsoft Visual Studio Solution File, Format Version 12.00
# Visual Studio Version 16
VisualStudioVersion = 16.0.31613.86
MinimumVisualStudioVersion = 10.0.40219.1
Project("{FAE04EC0-301F-11D3-BF4B-00C04F79EFBC}") = "StarWars", "StarWars\StarWars.csproj", "{17322C0A-E358-434C-A4DD-14910C61B63F}"
EndProject
Global
	GlobalSection(SolutionConfigurationPlatforms) = preSolution
		Debug|Any CPU = Debug|Any CPU
		Release|Any CPU = Release|Any CPU
	EndGlobalSection
	GlobalSection(ProjectConfigurationPlatforms) = postSolution
		{17322C0A-E358-434C-A4DD-14910C61B63F}.Debug|Any CPU.ActiveCfg = Debug|Any CPU
		{17322C0A-E358-434C-A4DD-14910C61B63F}.Debug|Any CPU.Build.0 = Debug|Any CPU
		{17322C0A-E358-434C-A4DD-14910C61B63F}.Release|Any CPU.ActiveCfg = Release|Any CPU
		{17322C0A-E358-434C-A4DD-14910C61B63F}.Release|Any CPU.Build.0 = Release|Any CPU
	EndGlobalSection
	GlobalSection(SolutionProperties) = preSolution
		HideSolutionNode = FALSE
	EndGlobalSection
	GlobalSection(ExtensibilityGlobals) = postSolution
		SolutionGuid = {B49B1B82-481E-43EF-BA61-CB65FDFA7FF2}
	EndGlobalSection
EndGlobal
